
Microsoft Visual Studio Solution File, Format Version 12.00
# Visual Studio Version 17
VisualStudioVersion = 17.5.33516.290
MinimumVisualStudioVersion = 10.0.40219.1
Project("{9A19103F-16F7-4668-BE54-9A1E7A4F7556}") = "TradeChain.Adapters.Basic", "TradeChain.Adapters.Basic.csproj", "{FB2B30CA-4A9E-4C68-81C9-55D4E3F4EAB9}"
EndProject
Global
	GlobalSection(SolutionConfigurationPlatforms) = preSolution
		Debug|Any CPU = Debug|Any CPU
		Release|Any CPU = Release|Any CPU
	EndGlobalSection
	GlobalSection(ProjectConfigurationPlatforms) = postSolution
		{FB2B30CA-4A9E-4C68-81C9-55D4E3F4EAB9}.Debug|Any CPU.ActiveCfg = Debug|Any CPU
		{FB2B30CA-4A9E-4C68-81C9-55D4E3F4EAB9}.Debug|Any CPU.Build.0 = Debug|Any CPU
		{FB2B30CA-4A9E-4C68-81C9-55D4E3F4EAB9}.Release|Any CPU.ActiveCfg = Release|Any CPU
		{FB2B30CA-4A9E-4C68-81C9-55D4E3F4EAB9}.Release|Any CPU.Build.0 = Release|Any CPU
	EndGlobalSection
	GlobalSection(SolutionProperties) = preSolution
		HideSolutionNode = FALSE
	EndGlobalSection
	GlobalSection(ExtensibilityGlobals) = postSolution
		SolutionGuid = {36C08BC3-7847-4E73-A829-A1E6B8C879A9}
	EndGlobalSection
EndGlobal
